
Microsoft Visual Studio Solution File, Format Version 12.00
# Visual Studio 15
VisualStudioVersion = 15.0.25807.0
MinimumVisualStudioVersion = 10.0.40219.1
Project("{2150E333-8FDC-42A3-9474-1A3956D46DE8}") = "Engine", "Engine", "{4B5719F0-60FC-402B-BFA4-C0A122D4CA32}"
EndProject
Project("{2150E333-8FDC-42A3-9474-1A3956D46DE8}") = "Games", "Games", "{BFA6F174-6D64-44FE-AF4C-001B0AED5B03}"
EndProject
Project("{8BC9CEB8-8B4A-11D0-8D11-00A0C91BC942}") = "UE4", "Intermediate\ProjectFiles\UE4.vcxproj", "{8202D7A1-D009-44F6-B435-46580D1682F1}"
EndProject
Project("{8BC9CEB8-8B4A-11D0-8D11-00A0C91BC942}") = "Pong", "Intermediate\ProjectFiles\Pong.vcxproj", "{A64E0F45-0F29-4F14-BB95-C9E0CC554C00}"
EndProject
Project("{2150E333-8FDC-42A3-9474-1A3956D46DE8}") = "Visualizers", "Visualizers", "{21935A75-EC3C-44C7-891D-650F83910AD5}"
	ProjectSection(SolutionItems) = preProject
		..\..\UE_4.21\Engine\Extras\VisualStudioDebugging\UE4.natvis = ..\..\UE_4.21\Engine\Extras\VisualStudioDebugging\UE4.natvis
	EndProjectSection
EndProject
Global
	GlobalSection(SolutionConfigurationPlatforms) = preSolution
		DebugGame Editor|HTML5 = DebugGame Editor|HTML5
		DebugGame Editor|Win32 = DebugGame Editor|Win32
		DebugGame Editor|Win64 = DebugGame Editor|Win64
		DebugGame|HTML5 = DebugGame|HTML5
		DebugGame|Win32 = DebugGame|Win32
		DebugGame|Win64 = DebugGame|Win64
		Development Editor|HTML5 = Development Editor|HTML5
		Development Editor|Win32 = Development Editor|Win32
		Development Editor|Win64 = Development Editor|Win64
		Development|HTML5 = Development|HTML5
		Development|Win32 = Development|Win32
		Development|Win64 = Development|Win64
		Shipping|HTML5 = Shipping|HTML5
		Shipping|Win32 = Shipping|Win32
		Shipping|Win64 = Shipping|Win64
	EndGlobalSection
	GlobalSection(ProjectConfigurationPlatforms) = postSolution
		{8202D7A1-D009-44F6-B435-46580D1682F1}.DebugGame Editor|HTML5.ActiveCfg = BuiltWithUnrealBuildTool|Win32
		{8202D7A1-D009-44F6-B435-46580D1682F1}.DebugGame Editor|Win32.ActiveCfg = BuiltWithUnrealBuildTool|Win32
		{8202D7A1-D009-44F6-B435-46580D1682F1}.DebugGame Editor|Win64.ActiveCfg = BuiltWithUnrealBuildTool|Win32
		{8202D7A1-D009-44F6-B435-46580D1682F1}.DebugGame|HTML5.ActiveCfg = BuiltWithUnrealBuildTool|Win32
		{8202D7A1-D009-44F6-B435-46580D1682F1}.DebugGame|Win32.ActiveCfg = BuiltWithUnrealBuildTool|Win32
		{8202D7A1-D009-44F6-B435-46580D1682F1}.DebugGame|Win64.ActiveCfg = BuiltWithUnrealBuildTool|Win32
		{8202D7A1-D009-44F6-B435-46580D1682F1}.Development Editor|HTML5.ActiveCfg = BuiltWithUnrealBuildTool|Win32
		{8202D7A1-D009-44F6-B435-46580D1682F1}.Development Editor|Win32.ActiveCfg = BuiltWithUnrealBuildTool|Win32
		{8202D7A1-D009-44F6-B435-46580D1682F1}.Development Editor|Win64.ActiveCfg = BuiltWithUnrealBuildTool|Win32
		{8202D7A1-D009-44F6-B435-46580D1682F1}.Development|HTML5.ActiveCfg = BuiltWithUnrealBuildTool|Win32
		{8202D7A1-D009-44F6-B435-46580D1682F1}.Development|Win32.ActiveCfg = BuiltWithUnrealBuildTool|Win32
		{8202D7A1-D009-44F6-B435-46580D1682F1}.Development|Win64.ActiveCfg = BuiltWithUnrealBuildTool|Win32
		{8202D7A1-D009-44F6-B435-46580D1682F1}.Shipping|HTML5.ActiveCfg = BuiltWithUnrealBuildTool|Win32
		{8202D7A1-D009-44F6-B435-46580D1682F1}.Shipping|Win32.ActiveCfg = BuiltWithUnrealBuildTool|Win32
		{8202D7A1-D009-44F6-B435-46580D1682F1}.Shipping|Win64.ActiveCfg = BuiltWithUnrealBuildTool|Win32
		{A64E0F45-0F29-4F14-BB95-C9E0CC554C00}.DebugGame Editor|HTML5.ActiveCfg = Invalid|Win32
		{A64E0F45-0F29-4F14-BB95-C9E0CC554C00}.DebugGame Editor|Win32.ActiveCfg = Invalid|Win32
		{A64E0F45-0F29-4F14-BB95-C9E0CC554C00}.DebugGame Editor|Win64.ActiveCfg = DebugGame_Editor|x64
		{A64E0F45-0F29-4F14-BB95-C9E0CC554C00}.DebugGame Editor|Win64.Build.0 = DebugGame_Editor|x64
		{A64E0F45-0F29-4F14-BB95-C9E0CC554C00}.DebugGame|HTML5.ActiveCfg = HTML5_DebugGame|Win32
		{A64E0F45-0F29-4F14-BB95-C9E0CC554C00}.DebugGame|HTML5.Build.0 = HTML5_DebugGame|Win32
		{A64E0F45-0F29-4F14-BB95-C9E0CC554C00}.DebugGame|Win32.ActiveCfg = DebugGame|Win32
		{A64E0F45-0F29-4F14-BB95-C9E0CC554C00}.DebugGame|Win32.Build.0 = DebugGame|Win32
		{A64E0F45-0F29-4F14-BB95-C9E0CC554C00}.DebugGame|Win64.ActiveCfg = DebugGame|x64
		{A64E0F45-0F29-4F14-BB95-C9E0CC554C00}.DebugGame|Win64.Build.0 = DebugGame|x64
		{A64E0F45-0F29-4F14-BB95-C9E0CC554C00}.Development Editor|HTML5.ActiveCfg = Invalid|Win32
		{A64E0F45-0F29-4F14-BB95-C9E0CC554C00}.Development Editor|Win32.ActiveCfg = Invalid|Win32
		{A64E0F45-0F29-4F14-BB95-C9E0CC554C00}.Development Editor|Win64.ActiveCfg = Development_Editor|x64
		{A64E0F45-0F29-4F14-BB95-C9E0CC554C00}.Development Editor|Win64.Build.0 = Development_Editor|x64
		{A64E0F45-0F29-4F14-BB95-C9E0CC554C00}.Development|HTML5.ActiveCfg = HTML5_Development|Win32
		{A64E0F45-0F29-4F14-BB95-C9E0CC554C00}.Development|HTML5.Build.0 = HTML5_Development|Win32
		{A64E0F45-0F29-4F14-BB95-C9E0CC554C00}.Development|Win32.ActiveCfg = Development|Win32
		{A64E0F45-0F29-4F14-BB95-C9E0CC554C00}.Development|Win32.Build.0 = Development|Win32
		{A64E0F45-0F29-4F14-BB95-C9E0CC554C00}.Development|Win64.ActiveCfg = Development|x64
		{A64E0F45-0F29-4F14-BB95-C9E0CC554C00}.Development|Win64.Build.0 = Development|x64
		{A64E0F45-0F29-4F14-BB95-C9E0CC554C00}.Shipping|HTML5.ActiveCfg = HTML5_Shipping|Win32
		{A64E0F45-0F29-4F14-BB95-C9E0CC554C00}.Shipping|HTML5.Build.0 = HTML5_Shipping|Win32
		{A64E0F45-0F29-4F14-BB95-C9E0CC554C00}.Shipping|Win32.ActiveCfg = Shipping|Win32
		{A64E0F45-0F29-4F14-BB95-C9E0CC554C00}.Shipping|Win32.Build.0 = Shipping|Win32
		{A64E0F45-0F29-4F14-BB95-C9E0CC554C00}.Shipping|Win64.ActiveCfg = Shipping|x64
		{A64E0F45-0F29-4F14-BB95-C9E0CC554C00}.Shipping|Win64.Build.0 = Shipping|x64
	EndGlobalSection
	GlobalSection(SolutionProperties) = preSolution
		HideSolutionNode = FALSE
	EndGlobalSection
	GlobalSection(NestedProjects) = preSolution
		{8202D7A1-D009-44F6-B435-46580D1682F1} = {4B5719F0-60FC-402B-BFA4-C0A122D4CA32}
		{A64E0F45-0F29-4F14-BB95-C9E0CC554C00} = {BFA6F174-6D64-44FE-AF4C-001B0AED5B03}
	EndGlobalSection
EndGlobal
